// !$*UTF8*$!
{ archiveVersion = 1; classes = {}; objectVersion = 56; objects = {
4B70D3A814C15F08A1D22001 = { isa = PBXFileReference; lastKnownFileType = sourcecode.swift; path = ScanConnectionView.swift; sourceTree = "<group>"; };
4B70D3A814C15F08A1D22002 = { isa = PBXBuildFile; fileRef = 4B70D3A814C15F08A1D22001; };
25AF18289F9AAEF9D77ECC9E = { isa = PBXFileReference; lastKnownFileType = sourcecode.swift; path = HarnessWebView.swift; sourceTree = "<group>"; };
31DB7F661CA7A2B452BD9467 = { isa = PBXBuildFile; fileRef = 25AF18289F9AAEF9D77ECC9E; };
5BD366F1CDFC95C08C99B759 = { isa = PBXFileReference; lastKnownFileType = sourcecode.swift; path = DSHMobileApp.swift; sourceTree = "<group>"; };
18B8FFFAA1094919E3BB5E23 = { isa = PBXBuildFile; fileRef = 5BD366F1CDFC95C08C99B759; };
CCCB1F1D83B29C423EE0E0C2 = { isa = PBXFileReference; lastKnownFileType = sourcecode.swift; path = HostAddress.swift; sourceTree = "<group>"; };
859C7F51CECFBB09FE29F8A7 = { isa = PBXBuildFile; fileRef = CCCB1F1D83B29C423EE0E0C2; };
E80BDCE16A3F18E986BC13BF = { isa = PBXFileReference; lastKnownFileType = sourcecode.swift; path = ContentView.swift; sourceTree = "<group>"; };
E11030640FCC0E9D6783BF78 = { isa = PBXBuildFile; fileRef = E80BDCE16A3F18E986BC13BF; };
38A007151ABE87CC01A5B6E9 = { isa = PBXFileReference; explicitFileType = wrapper.application; path = DSHMobile.app; sourceTree = BUILT_PRODUCTS_DIR; };
482182478A3ECD4745BEA917 = { isa = PBXGroup; path = DSHMobile; sourceTree = "<group>"; children = (4B70D3A814C15F08A1D22001,25AF18289F9AAEF9D77ECC9E,5BD366F1CDFC95C08C99B759,CCCB1F1D83B29C423EE0E0C2,E80BDCE16A3F18E986BC13BF); };
FBDC4F23F93125BBEEAE800C = { isa = PBXGroup; name = Products; sourceTree = "<group>"; children = (38A007151ABE87CC01A5B6E9); };
B28B7AF69320201D1CF206EB = { isa = PBXGroup; sourceTree = "<group>"; children = (482182478A3ECD4745BEA917,FBDC4F23F93125BBEEAE800C); };
BCE16DD0260827ECF338C787 = { isa = PBXSourcesBuildPhase; buildActionMask = 2147483647; files = (4B70D3A814C15F08A1D22002,31DB7F661CA7A2B452BD9467,18B8FFFAA1094919E3BB5E23,859C7F51CECFBB09FE29F8A7,E11030640FCC0E9D6783BF78); runOnlyForDeploymentPostprocessing = 0; };
7561BFB015D8F536760CB671 = { isa = PBXFrameworksBuildPhase; buildActionMask = 2147483647; files = (); runOnlyForDeploymentPostprocessing = 0; };
0189424A5A60FED329FA868E = { isa = PBXResourcesBuildPhase; buildActionMask = 2147483647; files = (); runOnlyForDeploymentPostprocessing = 0; };
89E1FD6268CC0F221A2BE178 = { isa = XCBuildConfiguration; name = Debug; buildSettings = { SDKROOT = iphoneos; IPHONEOS_DEPLOYMENT_TARGET = 17.0; SWIFT_VERSION = 5.0; CLANG_ENABLE_MODULES = YES;  }; };
7082CC0B6FC1282FCEABD07A = { isa = XCBuildConfiguration; name = Debug; buildSettings = { SDKROOT = iphoneos; IPHONEOS_DEPLOYMENT_TARGET = 17.0; SWIFT_VERSION = 5.0; CLANG_ENABLE_MODULES = YES; PRODUCT_BUNDLE_IDENTIFIER = io.khorsheed.dsh.mobile; PRODUCT_NAME = "$(TARGET_NAME)"; CODE_SIGN_STYLE = Automatic; GENERATE_INFOPLIST_FILE = YES; INFOPLIST_KEY_CFBundleDisplayName = "DSH Mobile"; INFOPLIST_KEY_LSApplicationCategoryType = "public.app-category.productivity"; INFOPLIST_KEY_UILaunchScreen_Generation = YES; INFOPLIST_KEY_UIApplicationSceneManifest_Generation = YES; INFOPLIST_KEY_UISupportedInterfaceOrientations_iPhone = "UIInterfaceOrientationPortrait UIInterfaceOrientationLandscapeLeft UIInterfaceOrientationLandscapeRight"; INFOPLIST_KEY_NSPhotoLibraryUsageDescription = "选择图片并发送到你的 Harness 会话。"; INFOPLIST_KEY_NSCameraUsageDescription = "扫描电脑上的登录二维码，或拍摄图片发送到你的会话。"; INFOPLIST_KEY_NSLocalNetworkUsageDescription = "在开发环境连接你电脑上的 Harness。"; TARGETED_DEVICE_FAMILY = "1,2"; MARKETING_VERSION = 0.1.0; CURRENT_PROJECT_VERSION = 1; SWIFT_OPTIMIZATION_LEVEL = "-Onone"; SWIFT_ACTIVE_COMPILATION_CONDITIONS = DEBUG; }; };
E6DE6C99132752C914FEF632 = { isa = XCBuildConfiguration; name = Release; buildSettings = { SDKROOT = iphoneos; IPHONEOS_DEPLOYMENT_TARGET = 17.0; SWIFT_VERSION = 5.0; CLANG_ENABLE_MODULES = YES;  }; };
639A7CA24D39909E713B47F7 = { isa = XCBuildConfiguration; name = Release; buildSettings = { SDKROOT = iphoneos; IPHONEOS_DEPLOYMENT_TARGET = 17.0; SWIFT_VERSION = 5.0; CLANG_ENABLE_MODULES = YES; PRODUCT_BUNDLE_IDENTIFIER = io.khorsheed.dsh.mobile; PRODUCT_NAME = "$(TARGET_NAME)"; CODE_SIGN_STYLE = Automatic; GENERATE_INFOPLIST_FILE = YES; INFOPLIST_KEY_CFBundleDisplayName = "DSH Mobile"; INFOPLIST_KEY_LSApplicationCategoryType = "public.app-category.productivity"; INFOPLIST_KEY_UILaunchScreen_Generation = YES; INFOPLIST_KEY_UIApplicationSceneManifest_Generation = YES; INFOPLIST_KEY_UISupportedInterfaceOrientations_iPhone = "UIInterfaceOrientationPortrait UIInterfaceOrientationLandscapeLeft UIInterfaceOrientationLandscapeRight"; INFOPLIST_KEY_NSPhotoLibraryUsageDescription = "选择图片并发送到你的 Harness 会话。"; INFOPLIST_KEY_NSCameraUsageDescription = "扫描电脑上的登录二维码，或拍摄图片发送到你的会话。"; INFOPLIST_KEY_NSLocalNetworkUsageDescription = "在开发环境连接你电脑上的 Harness。"; TARGETED_DEVICE_FAMILY = "1,2"; MARKETING_VERSION = 0.1.0; CURRENT_PROJECT_VERSION = 1; SWIFT_COMPILATION_MODE = wholemodule; }; };
862894B703A6DEDF96A9DD6C = { isa = XCConfigurationList; buildConfigurations = (89E1FD6268CC0F221A2BE178,E6DE6C99132752C914FEF632); defaultConfigurationIsVisible = 0; defaultConfigurationName = Release; };
C57128001CE614BF8549D6BB = { isa = XCConfigurationList; buildConfigurations = (7082CC0B6FC1282FCEABD07A,639A7CA24D39909E713B47F7); defaultConfigurationIsVisible = 0; defaultConfigurationName = Release; };
0E8A3AD980EC179856012B7E = { isa = PBXNativeTarget; buildConfigurationList = C57128001CE614BF8549D6BB; buildPhases = (BCE16DD0260827ECF338C787,7561BFB015D8F536760CB671,0189424A5A60FED329FA868E); buildRules = (); dependencies = (); name = DSHMobile; productName = DSHMobile; productReference = 38A007151ABE87CC01A5B6E9; productType = "com.apple.product-type.application"; };
98F54143AB4E86B28C3AFEE0 = { isa = PBXProject; attributes = { BuildIndependentTargetsInParallel = YES; LastUpgradeCheck = 2600; }; buildConfigurationList = 862894B703A6DEDF96A9DD6C; compatibilityVersion = "Xcode 14.0"; developmentRegion = zh-Hans; knownRegions = (en,"zh-Hans",Base); mainGroup = B28B7AF69320201D1CF206EB; productRefGroup = FBDC4F23F93125BBEEAE800C; projectDirPath = ""; projectRoot = ""; targets = (0E8A3AD980EC179856012B7E); };
}; rootObject = 98F54143AB4E86B28C3AFEE0; }
